// !$*UTF8*$!
{
	archiveVersion = 1;
	classes = {
	};
	objectVersion = 55;
	objects = {

/* Begin PBXBuildFile section */
		E217A9522BFA6237003AEF03 /* DiskValidator.swift in Sources */ = {isa = PBXBuildFile; fileRef = E217A9512BFA6237003AEF03 /* DiskValidator.swift */; };
		E217A9542BFA7448003AEF03 /* Encodable+AsJSONString.swift in Sources */ = {isa = PBXBuildFile; fileRef = E217A9532BFA7448003AEF03 /* Encodable+AsJSONString.swift */; };
		E217A9562BFBB133003AEF03 /* FileManager+RequiredAdditionalSpace.swift in Sources */ = {isa = PBXBuildFile; fileRef = E217A9552BFBB133003AEF03 /* FileManager+RequiredAdditionalSpace.swift */; };
		E217A9582BFBB284003AEF03 /* FileManager+ApplicationStorage.swift in Sources */ = {isa = PBXBuildFile; fileRef = E217A9572BFBB284003AEF03 /* FileManager+ApplicationStorage.swift */; };
		E217A95A2BFBB946003AEF03 /* StorageSize.swift in Sources */ = {isa = PBXBuildFile; fileRef = E217A9592BFBB946003AEF03 /* StorageSize.swift */; };
		E2245EF32BEC0D4100BE2E59 /* ActionButtonTitleTransformer.swift in Sources */ = {isa = PBXBuildFile; fileRef = E2245EF22BEC0D4100BE2E59 /* ActionButtonTitleTransformer.swift */; };
		E2245EF62BEC18D200BE2E59 /* LogType.swift in Sources */ = {isa = PBXBuildFile; fileRef = E2245EF52BEC18D200BE2E59 /* LogType.swift */; };
		E234FC092BD5301F0074C781 /* AppDelegate.swift in Sources */ = {isa = PBXBuildFile; fileRef = E234FC082BD5301F0074C781 /* AppDelegate.swift */; };
		E234FC0B2BD5301F0074C781 /* BaseViewController.swift in Sources */ = {isa = PBXBuildFile; fileRef = E234FC0A2BD5301F0074C781 /* BaseViewController.swift */; };
		E234FC0D2BD530200074C781 /* Assets.xcassets in Resources */ = {isa = PBXBuildFile; fileRef = E234FC0C2BD530200074C781 /* Assets.xcassets */; };
		E234FC182BD531EE0074C781 /* main.swift in Sources */ = {isa = PBXBuildFile; fileRef = E234FC172BD531EE0074C781 /* main.swift */; };
		E234FC1A2BD53B640074C781 /* DiskWriterViewController.swift in Sources */ = {isa = PBXBuildFile; fileRef = E234FC192BD53B640074C781 /* DiskWriterViewController.swift */; };
		E234FC1E2BD53C800074C781 /* DiskWriterViewModel.swift in Sources */ = {isa = PBXBuildFile; fileRef = E234FC1D2BD53C800074C781 /* DiskWriterViewModel.swift */; };
		E234FC222BD53D780074C781 /* MainCoordinator.swift in Sources */ = {isa = PBXBuildFile; fileRef = E234FC212BD53D780074C781 /* MainCoordinator.swift */; };
		E234FC252BD53E540074C781 /* DiskWriterCoordinator.swift in Sources */ = {isa = PBXBuildFile; fileRef = E234FC242BD53E540074C781 /* DiskWriterCoordinator.swift */; };
		E234FC2E2BD543A20074C781 /* Coordinator.swift in Sources */ = {isa = PBXBuildFile; fileRef = E234FC2D2BD543A20074C781 /* Coordinator.swift */; };
		E234FC302BD543D90074C781 /* NSView+MakeCostraints.swift in Sources */ = {isa = PBXBuildFile; fileRef = E234FC2F2BD543D90074C781 /* NSView+MakeCostraints.swift */; };
		E236E2442C0348D600E83056 /* DiskWriter.swift in Sources */ = {isa = PBXBuildFile; fileRef = E236E2432C0348D600E83056 /* DiskWriter.swift */; };
		E236E2492C03596A00E83056 /* URL+PathType.swift in Sources */ = {isa = PBXBuildFile; fileRef = E236E2482C03596A00E83056 /* URL+PathType.swift */; };
		E23E6E252BDB980400362574 /* VerticallyCenteredTextFieldCell.swift in Sources */ = {isa = PBXBuildFile; fileRef = E23E6E242BDB980400362574 /* VerticallyCenteredTextFieldCell.swift */; };
		E256A7D62BE6AB9A003E24D3 /* AppInfo.swift in Sources */ = {isa = PBXBuildFile; fileRef = E256A7D52BE6AB9A003E24D3 /* AppInfo.swift */; };
		E256A7DE2BE77286003E24D3 /* MenuBuilder.swift in Sources */ = {isa = PBXBuildFile; fileRef = E256A7DD2BE77286003E24D3 /* MenuBuilder.swift */; };
		E256A7E02BE77298003E24D3 /* MenuSection.swift in Sources */ = {isa = PBXBuildFile; fileRef = E256A7DF2BE77298003E24D3 /* MenuSection.swift */; };
		E256A7E32BE77393003E24D3 /* AppMenu.swift in Sources */ = {isa = PBXBuildFile; fileRef = E256A7E22BE77393003E24D3 /* AppMenu.swift */; };
		E25A2AF12BF122EA00E515B7 /* ScrollableTextView.swift in Sources */ = {isa = PBXBuildFile; fileRef = E25A2AF02BF122EA00E515B7 /* ScrollableTextView.swift */; };
		E25A2AF32BF14B0500E515B7 /* FileReader.swift in Sources */ = {isa = PBXBuildFile; fileRef = E25A2AF22BF14B0500E515B7 /* FileReader.swift */; };
		E25A2AF52BF14B9A00E515B7 /* FileReaderError.swift in Sources */ = {isa = PBXBuildFile; fileRef = E25A2AF42BF14B9A00E515B7 /* FileReaderError.swift */; };
		E25A2AFA2BF15E0A00E515B7 /* Licenses in Resources */ = {isa = PBXBuildFile; fileRef = E25A2AF92BF15E0A00E515B7 /* Licenses */; };
		E25A2AFC2BF15FAE00E515B7 /* Bundle+ListFiles.swift in Sources */ = {isa = PBXBuildFile; fileRef = E25A2AFB2BF15FAE00E515B7 /* Bundle+ListFiles.swift */; };
		E25A2AFF2BF1687500E515B7 /* LicenseListTextFieldValueTransformer.swift in Sources */ = {isa = PBXBuildFile; fileRef = E25A2AFE2BF1687500E515B7 /* LicenseListTextFieldValueTransformer.swift */; };
		E25A2B032BF29FB400E515B7 /* AppRelauncherError.swift in Sources */ = {isa = PBXBuildFile; fileRef = E25A2B022BF29FB400E515B7 /* AppRelauncherError.swift */; };
		E25A2B052BF29FC200E515B7 /* AuthorizationError.swift in Sources */ = {isa = PBXBuildFile; fileRef = E25A2B042BF29FC200E515B7 /* AuthorizationError.swift */; };
		E269F7E02C31B76F00F96444 /* DiskOperation.swift in Sources */ = {isa = PBXBuildFile; fileRef = E269F7DF2C31B76F00F96444 /* DiskOperation.swift */; };
		E27C67202BEF940500D7F692 /* AboutViewModel.swift in Sources */ = {isa = PBXBuildFile; fileRef = E27C671F2BEF940500D7F692 /* AboutViewModel.swift */; };
		E27C67222BEF941100D7F692 /* AboutViewController.swift in Sources */ = {isa = PBXBuildFile; fileRef = E27C67212BEF941100D7F692 /* AboutViewController.swift */; };
		E27C67242BEF942900D7F692 /* AboutCoordinator.swift in Sources */ = {isa = PBXBuildFile; fileRef = E27C67232BEF942900D7F692 /* AboutCoordinator.swift */; };
		E27C67392BEFC34B00D7F692 /* DraggableImageView.swift in Sources */ = {isa = PBXBuildFile; fileRef = E27C67382BEFC34B00D7F692 /* DraggableImageView.swift */; };
		E27C673B2BEFD67300D7F692 /* NSImage+ApplicationIcon.swift in Sources */ = {isa = PBXBuildFile; fileRef = E27C673A2BEFD67300D7F692 /* NSImage+ApplicationIcon.swift */; };
		E27FD4DE2BDD0B3C0096C605 /* SlideShowedButton.swift in Sources */ = {isa = PBXBuildFile; fileRef = E27FD4DD2BDD0B3C0096C605 /* SlideShowedButton.swift */; };
		E27FD4E12BDD1D3C0096C605 /* WeakProxy.swift in Sources */ = {isa = PBXBuildFile; fileRef = E27FD4E02BDD1D3C0096C605 /* WeakProxy.swift */; };
		E27FD4E62BDD1F800096C605 /* Date+AdjustedYear.swift in Sources */ = {isa = PBXBuildFile; fileRef = E27FD4E52BDD1F800096C605 /* Date+AdjustedYear.swift */; };
		E27FD4E82BDD2B450096C605 /* GlobalConstants.swift in Sources */ = {isa = PBXBuildFile; fileRef = E27FD4E72BDD2B450096C605 /* GlobalConstants.swift */; };
		E27FD4EA2BDD2C160096C605 /* URL+Open.swift in Sources */ = {isa = PBXBuildFile; fileRef = E27FD4E92BDD2C160096C605 /* URL+Open.swift */; };
		E27FD4EC2BDD63790096C605 /* Filesystem.swift in Sources */ = {isa = PBXBuildFile; fileRef = E27FD4EB2BDD63790096C605 /* Filesystem.swift */; };
		E27FD4EF2BDE239D0096C605 /* FileManager+SetAllPermissions.swift in Sources */ = {isa = PBXBuildFile; fileRef = E27FD4EE2BDE239D0096C605 /* FileManager+SetAllPermissions.swift */; };
		E27FD4F12BDE256C0096C605 /* DiskInfo.swift in Sources */ = {isa = PBXBuildFile; fileRef = E27FD4F02BDE256C0096C605 /* DiskInfo.swift */; };
		E27FD4F42BDE264C0096C605 /* DiskInspector.swift in Sources */ = {isa = PBXBuildFile; fileRef = E27FD4F32BDE264C0096C605 /* DiskInspector.swift */; };
		E27FD4F62BDE35910096C605 /* CommandLine.swift in Sources */ = {isa = PBXBuildFile; fileRef = E27FD4F52BDE35910096C605 /* CommandLine.swift */; };
		E27FD4FA2BDE38D00096C605 /* LegacyExceptionHandler.m in Sources */ = {isa = PBXBuildFile; fileRef = E27FD4F92BDE38D00096C605 /* LegacyExceptionHandler.m */; };
		E27FD4FD2BDE3B3C0096C605 /* String+Stripped.swift in Sources */ = {isa = PBXBuildFile; fileRef = E27FD4FC2BDE3B3C0096C605 /* String+Stripped.swift */; };
		E27FD5002BDE47A20096C605 /* HDIUtil.swift in Sources */ = {isa = PBXBuildFile; fileRef = E27FD4FF2BDE47A20096C605 /* HDIUtil.swift */; };
		E27FD5022BDE4E470096C605 /* ImageMountResult.swift in Sources */ = {isa = PBXBuildFile; fileRef = E27FD5012BDE4E470096C605 /* ImageMountResult.swift */; };
		E27FD5042BDE4EDB0096C605 /* HDIUtilSystemEntity.swift in Sources */ = {isa = PBXBuildFile; fileRef = E27FD5032BDE4EDB0096C605 /* HDIUtilSystemEntity.swift */; };
		E27FD5082BDE59250096C605 /* PartitionScheme.swift in Sources */ = {isa = PBXBuildFile; fileRef = E27FD5072BDE59250096C605 /* PartitionScheme.swift */; };
		E27FD50C2BDE5A480096C605 /* DiskEraser.swift in Sources */ = {isa = PBXBuildFile; fileRef = E27FD50B2BDE5A480096C605 /* DiskEraser.swift */; };
		E27FD50E2BDE5CC00096C605 /* String+HasOneOfThePrefixes.swift in Sources */ = {isa = PBXBuildFile; fileRef = E27FD50D2BDE5CC00096C605 /* String+HasOneOfThePrefixes.swift */; };
		E27FD5112BDE6AB50096C605 /* DiskMenuItem.swift in Sources */ = {isa = PBXBuildFile; fileRef = E27FD5102BDE6AB50096C605 /* DiskMenuItem.swift */; };
		E27FD5132BDE6E5F0096C605 /* UInt64+FormattedSize.swift in Sources */ = {isa = PBXBuildFile; fileRef = E27FD5122BDE6E5F0096C605 /* UInt64+FormattedSize.swift */; };
		E27FD5152BDE7F580096C605 /* AttributedStringBuilder.swift in Sources */ = {isa = PBXBuildFile; fileRef = E27FD5142BDE7F580096C605 /* AttributedStringBuilder.swift */; };
		E28BBEBD2BE683C5008A7750 /* URL+MountPoint.swift in Sources */ = {isa = PBXBuildFile; fileRef = E28BBEBC2BE683C5008A7750 /* URL+MountPoint.swift */; };
		E29C8AC92BEB6D15006A50D9 /* Notification+Names.swift in Sources */ = {isa = PBXBuildFile; fileRef = E29C8AC82BEB6D15006A50D9 /* Notification+Names.swift */; };
		E29C8ACB2BEB7100006A50D9 /* AppService.swift in Sources */ = {isa = PBXBuildFile; fileRef = E29C8ACA2BEB7100006A50D9 /* AppService.swift */; };
		E2A08CD82BDEBF8600E354BB /* AppRelauncher.swift in Sources */ = {isa = PBXBuildFile; fileRef = E2A08CD72BDEBF8600E354BB /* AppRelauncher.swift */; };
		E2A08CDA2BDEC42500E354BB /* String+CChar.swift in Sources */ = {isa = PBXBuildFile; fileRef = E2A08CD92BDEC42500E354BB /* String+CChar.swift */; };
		E2A08CDD2BDECFC100E354BB /* ExecuteWithPrivileges.c in Sources */ = {isa = PBXBuildFile; fileRef = E2A08CDC2BDECFC100E354BB /* ExecuteWithPrivileges.c */; };
		E2A443B72BE4E28400701D56 /* ConfigurationValidationError.swift in Sources */ = {isa = PBXBuildFile; fileRef = E2A443B62BE4E28400701D56 /* ConfigurationValidationError.swift */; };
		E2A443B92BE5044D00701D56 /* NSView+SetEnabledStateForAllControls.swift in Sources */ = {isa = PBXBuildFile; fileRef = E2A443B82BE5044D00701D56 /* NSView+SetEnabledStateForAllControls.swift */; };
		E2CF8FE02BDEDB7400F7394E /* AlertBuilder.swift in Sources */ = {isa = PBXBuildFile; fileRef = E2CF8FDF2BDEDB7400F7394E /* AlertBuilder.swift */; };
		E2E1474B2BEEB98B002BD807 /* DevicePickerMenuItemsTransformer.swift in Sources */ = {isa = PBXBuildFile; fileRef = E2E1474A2BEEB98B002BD807 /* DevicePickerMenuItemsTransformer.swift */; };
		E2F37B5C2BD55990003D27BD /* ConstraintMaker.swift in Sources */ = {isa = PBXBuildFile; fileRef = E2F37B5B2BD55990003D27BD /* ConstraintMaker.swift */; };
		E2F37B5E2BD55C1F003D27BD /* ConstraintHandler.swift in Sources */ = {isa = PBXBuildFile; fileRef = E2F37B5D2BD55C1F003D27BD /* ConstraintHandler.swift */; };
		E2F37B612BD5643D003D27BD /* BaseWindow.swift in Sources */ = {isa = PBXBuildFile; fileRef = E2F37B602BD5643D003D27BD /* BaseWindow.swift */; };
		E2F37B662BD58536003D27BD /* LabelView.swift in Sources */ = {isa = PBXBuildFile; fileRef = E2F37B652BD58536003D27BD /* LabelView.swift */; };
		E2F37B682BD59DEE003D27BD /* HorizontalStackView.swift in Sources */ = {isa = PBXBuildFile; fileRef = E2F37B672BD59DEE003D27BD /* HorizontalStackView.swift */; };
		E2F37B6D2BD59F30003D27BD /* VerticalStackView.swift in Sources */ = {isa = PBXBuildFile; fileRef = E2F37B6C2BD59F30003D27BD /* VerticalStackView.swift */; };
		E2F37B6F2BD69C2D003D27BD /* TextInputView.swift in Sources */ = {isa = PBXBuildFile; fileRef = E2F37B6E2BD69C2D003D27BD /* TextInputView.swift */; };
		E2F37B712BD69D2A003D27BD /* BaseButtonView.swift in Sources */ = {isa = PBXBuildFile; fileRef = E2F37B702BD69D2A003D27BD /* BaseButtonView.swift */; };
		E2F37B732BD6B4BC003D27BD /* PickerView.swift in Sources */ = {isa = PBXBuildFile; fileRef = E2F37B722BD6B4BC003D27BD /* PickerView.swift */; };
		E2F37B752BD6DBCE003D27BD /* RoundedButtonView.swift in Sources */ = {isa = PBXBuildFile; fileRef = E2F37B742BD6DBCE003D27BD /* RoundedButtonView.swift */; };
		E2F37B782BD6DCFE003D27BD /* CheckboxView.swift in Sources */ = {isa = PBXBuildFile; fileRef = E2F37B772BD6DCFE003D27BD /* CheckboxView.swift */; };
		E2F37B7A2BD6E650003D27BD /* BaseStackView.swift in Sources */ = {isa = PBXBuildFile; fileRef = E2F37B792BD6E650003D27BD /* BaseStackView.swift */; };
		E2F37B7C2BD6F0F6003D27BD /* Collection+Safe.swift in Sources */ = {isa = PBXBuildFile; fileRef = E2F37B7B2BD6F0F6003D27BD /* Collection+Safe.swift */; };
		E2F37B7E2BD6F1C2003D27BD /* SwitchPickerView.swift in Sources */ = {isa = PBXBuildFile; fileRef = E2F37B7D2BD6F1C2003D27BD /* SwitchPickerView.swift */; };
		E2F37B802BD78088003D27BD /* ScrollableLinesView.swift in Sources */ = {isa = PBXBuildFile; fileRef = E2F37B7F2BD78088003D27BD /* ScrollableLinesView.swift */; };
		E2F4FB0A2BF36DF600BFC59A /* DiskInspectorError.swift in Sources */ = {isa = PBXBuildFile; fileRef = E2F4FB092BF36DF600BFC59A /* DiskInspectorError.swift */; };
		E2F4FB0E2BF36E4D00BFC59A /* DiskEraserError.swift in Sources */ = {isa = PBXBuildFile; fileRef = E2F4FB0D2BF36E4D00BFC59A /* DiskEraserError.swift */; };
		E2F4FB112BF36E7500BFC59A /* HDIUtilError.swift in Sources */ = {isa = PBXBuildFile; fileRef = E2F4FB102BF36E7500BFC59A /* HDIUtilError.swift */; };
		E2F4FB162BF36EB700BFC59A /* CommandLineError.swift in Sources */ = {isa = PBXBuildFile; fileRef = E2F4FB152BF36EB700BFC59A /* CommandLineError.swift */; };
		E2F4FB1A2BF36F1400BFC59A /* CommandLineResult.swift in Sources */ = {isa = PBXBuildFile; fileRef = E2F4FB192BF36F1400BFC59A /* CommandLineResult.swift */; };
/* End PBXBuildFile section */

/* Begin PBXFileReference section */
		E217A9512BFA6237003AEF03 /* DiskValidator.swift */ = {isa = PBXFileReference; lastKnownFileType = sourcecode.swift; path = DiskValidator.swift; sourceTree = "<group>"; };
		E217A9532BFA7448003AEF03 /* Encodable+AsJSONString.swift */ = {isa = PBXFileReference; lastKnownFileType = sourcecode.swift; path = "Encodable+AsJSONString.swift"; sourceTree = "<group>"; };
		E217A9552BFBB133003AEF03 /* FileManager+RequiredAdditionalSpace.swift */ = {isa = PBXFileReference; lastKnownFileType = sourcecode.swift; path = "FileManager+RequiredAdditionalSpace.swift"; sourceTree = "<group>"; };
		E217A9572BFBB284003AEF03 /* FileManager+ApplicationStorage.swift */ = {isa = PBXFileReference; lastKnownFileType = sourcecode.swift; path = "FileManager+ApplicationStorage.swift"; sourceTree = "<group>"; };
		E217A9592BFBB946003AEF03 /* StorageSize.swift */ = {isa = PBXFileReference; lastKnownFileType = sourcecode.swift; path = StorageSize.swift; sourceTree = "<group>"; };
		E2245EF22BEC0D4100BE2E59 /* ActionButtonTitleTransformer.swift */ = {isa = PBXFileReference; lastKnownFileType = sourcecode.swift; path = ActionButtonTitleTransformer.swift; sourceTree = "<group>"; };
		E2245EF52BEC18D200BE2E59 /* LogType.swift */ = {isa = PBXFileReference; lastKnownFileType = sourcecode.swift; path = LogType.swift; sourceTree = "<group>"; };
		E234FC052BD5301F0074C781 /* WinDiskWriter.app */ = {isa = PBXFileReference; explicitFileType = wrapper.application; includeInIndex = 0; path = WinDiskWriter.app; sourceTree = BUILT_PRODUCTS_DIR; };
		E234FC082BD5301F0074C781 /* AppDelegate.swift */ = {isa = PBXFileReference; lastKnownFileType = sourcecode.swift; path = AppDelegate.swift; sourceTree = "<group>"; };
		E234FC0A2BD5301F0074C781 /* BaseViewController.swift */ = {isa = PBXFileReference; lastKnownFileType = sourcecode.swift; path = BaseViewController.swift; sourceTree = "<group>"; };
		E234FC0C2BD530200074C781 /* Assets.xcassets */ = {isa = PBXFileReference; lastKnownFileType = folder.assetcatalog; path = Assets.xcassets; sourceTree = "<group>"; };
		E234FC112BD530200074C781 /* WinDiskWriter.entitlements */ = {isa = PBXFileReference; lastKnownFileType = text.plist.entitlements; path = WinDiskWriter.entitlements; sourceTree = "<group>"; };
		E234FC172BD531EE0074C781 /* main.swift */ = {isa = PBXFileReference; lastKnownFileType = sourcecode.swift; path = main.swift; sourceTree = "<group>"; };
		E234FC192BD53B640074C781 /* DiskWriterViewController.swift */ = {isa = PBXFileReference; lastKnownFileType = sourcecode.swift; path = DiskWriterViewController.swift; sourceTree = "<group>"; };
		E234FC1D2BD53C800074C781 /* DiskWriterViewModel.swift */ = {isa = PBXFileReference; lastKnownFileType = sourcecode.swift; path = DiskWriterViewModel.swift; sourceTree = "<group>"; };
		E234FC212BD53D780074C781 /* MainCoordinator.swift */ = {isa = PBXFileReference; lastKnownFileType = sourcecode.swift; path = MainCoordinator.swift; sourceTree = "<group>"; };
		E234FC242BD53E540074C781 /* DiskWriterCoordinator.swift */ = {isa = PBXFileReference; lastKnownFileType = sourcecode.swift; path = DiskWriterCoordinator.swift; sourceTree = "<group>"; };
		E234FC2D2BD543A20074C781 /* Coordinator.swift */ = {isa = PBXFileReference; lastKnownFileType = sourcecode.swift; path = Coordinator.swift; sourceTree = "<group>"; };
		E234FC2F2BD543D90074C781 /* NSView+MakeCostraints.swift */ = {isa = PBXFileReference; lastKnownFileType = sourcecode.swift; path = "NSView+MakeCostraints.swift"; sourceTree = "<group>"; };
		E236E2432C0348D600E83056 /* DiskWriter.swift */ = {isa = PBXFileReference; lastKnownFileType = sourcecode.swift; path = DiskWriter.swift; sourceTree = "<group>"; };
		E236E2482C03596A00E83056 /* URL+PathType.swift */ = {isa = PBXFileReference; lastKnownFileType = sourcecode.swift; path = "URL+PathType.swift"; sourceTree = "<group>"; };
		E23E6E242BDB980400362574 /* VerticallyCenteredTextFieldCell.swift */ = {isa = PBXFileReference; lastKnownFileType = sourcecode.swift; path = VerticallyCenteredTextFieldCell.swift; sourceTree = "<group>"; };
		E256A7D52BE6AB9A003E24D3 /* AppInfo.swift */ = {isa = PBXFileReference; lastKnownFileType = sourcecode.swift; path = AppInfo.swift; sourceTree = "<group>"; };
		E256A7DD2BE77286003E24D3 /* MenuBuilder.swift */ = {isa = PBXFileReference; lastKnownFileType = sourcecode.swift; path = MenuBuilder.swift; sourceTree = "<group>"; };
		E256A7DF2BE77298003E24D3 /* MenuSection.swift */ = {isa = PBXFileReference; lastKnownFileType = sourcecode.swift; path = MenuSection.swift; sourceTree = "<group>"; };
		E256A7E22BE77393003E24D3 /* AppMenu.swift */ = {isa = PBXFileReference; lastKnownFileType = sourcecode.swift; path = AppMenu.swift; sourceTree = "<group>"; };
		E25A2AF02BF122EA00E515B7 /* ScrollableTextView.swift */ = {isa = PBXFileReference; lastKnownFileType = sourcecode.swift; path = ScrollableTextView.swift; sourceTree = "<group>"; };
		E25A2AF22BF14B0500E515B7 /* FileReader.swift */ = {isa = PBXFileReference; lastKnownFileType = sourcecode.swift; path = FileReader.swift; sourceTree = "<group>"; };
		E25A2AF42BF14B9A00E515B7 /* FileReaderError.swift */ = {isa = PBXFileReference; lastKnownFileType = sourcecode.swift; path = FileReaderError.swift; sourceTree = "<group>"; };
		E25A2AF92BF15E0A00E515B7 /* Licenses */ = {isa = PBXFileReference; lastKnownFileType = folder; path = Licenses; sourceTree = "<group>"; };
		E25A2AFB2BF15FAE00E515B7 /* Bundle+ListFiles.swift */ = {isa = PBXFileReference; lastKnownFileType = sourcecode.swift; path = "Bundle+ListFiles.swift"; sourceTree = "<group>"; };
		E25A2AFE2BF1687500E515B7 /* LicenseListTextFieldValueTransformer.swift */ = {isa = PBXFileReference; lastKnownFileType = sourcecode.swift; path = LicenseListTextFieldValueTransformer.swift; sourceTree = "<group>"; };
		E25A2B022BF29FB400E515B7 /* AppRelauncherError.swift */ = {isa = PBXFileReference; lastKnownFileType = sourcecode.swift; path = AppRelauncherError.swift; sourceTree = "<group>"; };
		E25A2B042BF29FC200E515B7 /* AuthorizationError.swift */ = {isa = PBXFileReference; lastKnownFileType = sourcecode.swift; path = AuthorizationError.swift; sourceTree = "<group>"; };
		E269F7DF2C31B76F00F96444 /* DiskOperation.swift */ = {isa = PBXFileReference; lastKnownFileType = sourcecode.swift; path = DiskOperation.swift; sourceTree = "<group>"; };
		E27C671F2BEF940500D7F692 /* AboutViewModel.swift */ = {isa = PBXFileReference; lastKnownFileType = sourcecode.swift; path = AboutViewModel.swift; sourceTree = "<group>"; };
		E27C67212BEF941100D7F692 /* AboutViewController.swift */ = {isa = PBXFileReference; lastKnownFileType = sourcecode.swift; path = AboutViewController.swift; sourceTree = "<group>"; };
		E27C67232BEF942900D7F692 /* AboutCoordinator.swift */ = {isa = PBXFileReference; lastKnownFileType = sourcecode.swift; path = AboutCoordinator.swift; sourceTree = "<group>"; };
		E27C67382BEFC34B00D7F692 /* DraggableImageView.swift */ = {isa = PBXFileReference; lastKnownFileType = sourcecode.swift; path = DraggableImageView.swift; sourceTree = "<group>"; };
		E27C673A2BEFD67300D7F692 /* NSImage+ApplicationIcon.swift */ = {isa = PBXFileReference; lastKnownFileType = sourcecode.swift; path = "NSImage+ApplicationIcon.swift"; sourceTree = "<group>"; };
		E27FD4DD2BDD0B3C0096C605 /* SlideShowedButton.swift */ = {isa = PBXFileReference; lastKnownFileType = sourcecode.swift; path = SlideShowedButton.swift; sourceTree = "<group>"; };
		E27FD4E02BDD1D3C0096C605 /* WeakProxy.swift */ = {isa = PBXFileReference; lastKnownFileType = sourcecode.swift; path = WeakProxy.swift; sourceTree = "<group>"; };
		E27FD4E52BDD1F800096C605 /* Date+AdjustedYear.swift */ = {isa = PBXFileReference; lastKnownFileType = sourcecode.swift; path = "Date+AdjustedYear.swift"; sourceTree = "<group>"; };
		E27FD4E72BDD2B450096C605 /* GlobalConstants.swift */ = {isa = PBXFileReference; lastKnownFileType = sourcecode.swift; path = GlobalConstants.swift; sourceTree = "<group>"; };
		E27FD4E92BDD2C160096C605 /* URL+Open.swift */ = {isa = PBXFileReference; lastKnownFileType = sourcecode.swift; path = "URL+Open.swift"; sourceTree = "<group>"; };
		E27FD4EB2BDD63790096C605 /* Filesystem.swift */ = {isa = PBXFileReference; lastKnownFileType = sourcecode.swift; path = Filesystem.swift; sourceTree = "<group>"; };
		E27FD4EE2BDE239D0096C605 /* FileManager+SetAllPermissions.swift */ = {isa = PBXFileReference; lastKnownFileType = sourcecode.swift; path = "FileManager+SetAllPermissions.swift"; sourceTree = "<group>"; };
		E27FD4F02BDE256C0096C605 /* DiskInfo.swift */ = {isa = PBXFileReference; lastKnownFileType = sourcecode.swift; path = DiskInfo.swift; sourceTree = "<group>"; };
		E27FD4F32BDE264C0096C605 /* DiskInspector.swift */ = {isa = PBXFileReference; lastKnownFileType = sourcecode.swift; path = DiskInspector.swift; sourceTree = "<group>"; };
		E27FD4F52BDE35910096C605 /* CommandLine.swift */ = {isa = PBXFileReference; lastKnownFileType = sourcecode.swift; path = CommandLine.swift; sourceTree = "<group>"; };
		E27FD4F72BDE38CF0096C605 /* Objective-C-Bridging-Header.h */ = {isa = PBXFileReference; lastKnownFileType = sourcecode.c.h; path = "Objective-C-Bridging-Header.h"; sourceTree = "<group>"; };
		E27FD4F82BDE38D00096C605 /* LegacyExceptionHandler.h */ = {isa = PBXFileReference; lastKnownFileType = sourcecode.c.h; path = LegacyExceptionHandler.h; sourceTree = "<group>"; };
		E27FD4F92BDE38D00096C605 /* LegacyExceptionHandler.m */ = {isa = PBXFileReference; lastKnownFileType = sourcecode.c.objc; path = LegacyExceptionHandler.m; sourceTree = "<group>"; };
		E27FD4FC2BDE3B3C0096C605 /* String+Stripped.swift */ = {isa = PBXFileReference; lastKnownFileType = sourcecode.swift; path = "String+Stripped.swift"; sourceTree = "<group>"; };
		E27FD4FF2BDE47A20096C605 /* HDIUtil.swift */ = {isa = PBXFileReference; lastKnownFileType = sourcecode.swift; path = HDIUtil.swift; sourceTree = "<group>"; };
		E27FD5012BDE4E470096C605 /* ImageMountResult.swift */ = {isa = PBXFileReference; lastKnownFileType = sourcecode.swift; path = ImageMountResult.swift; sourceTree = "<group>"; };
		E27FD5032BDE4EDB0096C605 /* HDIUtilSystemEntity.swift */ = {isa = PBXFileReference; lastKnownFileType = sourcecode.swift; path = HDIUtilSystemEntity.swift; sourceTree = "<group>"; };
		E27FD5072BDE59250096C605 /* PartitionScheme.swift */ = {isa = PBXFileReference; lastKnownFileType = sourcecode.swift; path = PartitionScheme.swift; sourceTree = "<group>"; };
		E27FD50B2BDE5A480096C605 /* DiskEraser.swift */ = {isa = PBXFileReference; lastKnownFileType = sourcecode.swift; path = DiskEraser.swift; sourceTree = "<group>"; };
		E27FD50D2BDE5CC00096C605 /* String+HasOneOfThePrefixes.swift */ = {isa = PBXFileReference; lastKnownFileType = sourcecode.swift; path = "String+HasOneOfThePrefixes.swift"; sourceTree = "<group>"; };
		E27FD5102BDE6AB50096C605 /* DiskMenuItem.swift */ = {isa = PBXFileReference; lastKnownFileType = sourcecode.swift; path = DiskMenuItem.swift; sourceTree = "<group>"; };
		E27FD5122BDE6E5F0096C605 /* UInt64+FormattedSize.swift */ = {isa = PBXFileReference; lastKnownFileType = sourcecode.swift; path = "UInt64+FormattedSize.swift"; sourceTree = "<group>"; };
		E27FD5142BDE7F580096C605 /* AttributedStringBuilder.swift */ = {isa = PBXFileReference; lastKnownFileType = sourcecode.swift; path = AttributedStringBuilder.swift; sourceTree = "<group>"; };
		E28BBEBC2BE683C5008A7750 /* URL+MountPoint.swift */ = {isa = PBXFileReference; lastKnownFileType = sourcecode.swift; path = "URL+MountPoint.swift"; sourceTree = "<group>"; };
		E29C8AC82BEB6D15006A50D9 /* Notification+Names.swift */ = {isa = PBXFileReference; lastKnownFileType = sourcecode.swift; path = "Notification+Names.swift"; sourceTree = "<group>"; };
		E29C8ACA2BEB7100006A50D9 /* AppService.swift */ = {isa = PBXFileReference; lastKnownFileType = sourcecode.swift; path = AppService.swift; sourceTree = "<group>"; };
		E2A08CD72BDEBF8600E354BB /* AppRelauncher.swift */ = {isa = PBXFileReference; lastKnownFileType = sourcecode.swift; path = AppRelauncher.swift; sourceTree = "<group>"; };
		E2A08CD92BDEC42500E354BB /* String+CChar.swift */ = {isa = PBXFileReference; lastKnownFileType = sourcecode.swift; path = "String+CChar.swift"; sourceTree = "<group>"; };
		E2A08CDB2BDECFC100E354BB /* ExecuteWithPrivileges.h */ = {isa = PBXFileReference; lastKnownFileType = sourcecode.c.h; path = ExecuteWithPrivileges.h; sourceTree = "<group>"; };
		E2A08CDC2BDECFC100E354BB /* ExecuteWithPrivileges.c */ = {isa = PBXFileReference; lastKnownFileType = sourcecode.c.c; path = ExecuteWithPrivileges.c; sourceTree = "<group>"; };
		E2A443B62BE4E28400701D56 /* ConfigurationValidationError.swift */ = {isa = PBXFileReference; lastKnownFileType = sourcecode.swift; path = ConfigurationValidationError.swift; sourceTree = "<group>"; };
		E2A443B82BE5044D00701D56 /* NSView+SetEnabledStateForAllControls.swift */ = {isa = PBXFileReference; lastKnownFileType = sourcecode.swift; path = "NSView+SetEnabledStateForAllControls.swift"; sourceTree = "<group>"; };
		E2CF8FDF2BDEDB7400F7394E /* AlertBuilder.swift */ = {isa = PBXFileReference; lastKnownFileType = sourcecode.swift; path = AlertBuilder.swift; sourceTree = "<group>"; };
		E2E1474A2BEEB98B002BD807 /* DevicePickerMenuItemsTransformer.swift */ = {isa = PBXFileReference; lastKnownFileType = sourcecode.swift; path = DevicePickerMenuItemsTransformer.swift; sourceTree = "<group>"; };
		E2F37B5B2BD55990003D27BD /* ConstraintMaker.swift */ = {isa = PBXFileReference; lastKnownFileType = sourcecode.swift; path = ConstraintMaker.swift; sourceTree = "<group>"; };
		E2F37B5D2BD55C1F003D27BD /* ConstraintHandler.swift */ = {isa = PBXFileReference; lastKnownFileType = sourcecode.swift; path = ConstraintHandler.swift; sourceTree = "<group>"; };
		E2F37B602BD5643D003D27BD /* BaseWindow.swift */ = {isa = PBXFileReference; lastKnownFileType = sourcecode.swift; path = BaseWindow.swift; sourceTree = "<group>"; };
		E2F37B652BD58536003D27BD /* LabelView.swift */ = {isa = PBXFileReference; lastKnownFileType = sourcecode.swift; path = LabelView.swift; sourceTree = "<group>"; };
		E2F37B672BD59DEE003D27BD /* HorizontalStackView.swift */ = {isa = PBXFileReference; lastKnownFileType = sourcecode.swift; path = HorizontalStackView.swift; sourceTree = "<group>"; };
		E2F37B6C2BD59F30003D27BD /* VerticalStackView.swift */ = {isa = PBXFileReference; lastKnownFileType = sourcecode.swift; path = VerticalStackView.swift; sourceTree = "<group>"; };
		E2F37B6E2BD69C2D003D27BD /* TextInputView.swift */ = {isa = PBXFileReference; lastKnownFileType = sourcecode.swift; path = TextInputView.swift; sourceTree = "<group>"; };
		E2F37B702BD69D2A003D27BD /* BaseButtonView.swift */ = {isa = PBXFileReference; lastKnownFileType = sourcecode.swift; path = BaseButtonView.swift; sourceTree = "<group>"; };
		E2F37B722BD6B4BC003D27BD /* PickerView.swift */ = {isa = PBXFileReference; lastKnownFileType = sourcecode.swift; path = PickerView.swift; sourceTree = "<group>"; };
		E2F37B742BD6DBCE003D27BD /* RoundedButtonView.swift */ = {isa = PBXFileReference; lastKnownFileType = sourcecode.swift; path = RoundedButtonView.swift; sourceTree = "<group>"; };
		E2F37B772BD6DCFE003D27BD /* CheckboxView.swift */ = {isa = PBXFileReference; lastKnownFileType = sourcecode.swift; path = CheckboxView.swift; sourceTree = "<group>"; };
		E2F37B792BD6E650003D27BD /* BaseStackView.swift */ = {isa = PBXFileReference; lastKnownFileType = sourcecode.swift; path = BaseStackView.swift; sourceTree = "<group>"; };
		E2F37B7B2BD6F0F6003D27BD /* Collection+Safe.swift */ = {isa = PBXFileReference; fileEncoding = 4; lastKnownFileType = sourcecode.swift; path = "Collection+Safe.swift"; sourceTree = "<group>"; };
		E2F37B7D2BD6F1C2003D27BD /* SwitchPickerView.swift */ = {isa = PBXFileReference; lastKnownFileType = sourcecode.swift; path = SwitchPickerView.swift; sourceTree = "<group>"; };
		E2F37B7F2BD78088003D27BD /* ScrollableLinesView.swift */ = {isa = PBXFileReference; lastKnownFileType = sourcecode.swift; path = ScrollableLinesView.swift; sourceTree = "<group>"; };
		E2F4FB092BF36DF600BFC59A /* DiskInspectorError.swift */ = {isa = PBXFileReference; lastKnownFileType = sourcecode.swift; path = DiskInspectorError.swift; sourceTree = "<group>"; };
		E2F4FB0D2BF36E4D00BFC59A /* DiskEraserError.swift */ = {isa = PBXFileReference; lastKnownFileType = sourcecode.swift; path = DiskEraserError.swift; sourceTree = "<group>"; };
		E2F4FB102BF36E7500BFC59A /* HDIUtilError.swift */ = {isa = PBXFileReference; lastKnownFileType = sourcecode.swift; path = HDIUtilError.swift; sourceTree = "<group>"; };
		E2F4FB152BF36EB700BFC59A /* CommandLineError.swift */ = {isa = PBXFileReference; lastKnownFileType = sourcecode.swift; path = CommandLineError.swift; sourceTree = "<group>"; };
		E2F4FB192BF36F1400BFC59A /* CommandLineResult.swift */ = {isa = PBXFileReference; lastKnownFileType = sourcecode.swift; path = CommandLineResult.swift; sourceTree = "<group>"; };
/* End PBXFileReference section */

/* Begin PBXFrameworksBuildPhase section */
		E234FC022BD5301F0074C781 /* Frameworks */ = {
			isa = PBXFrameworksBuildPhase;
			buildActionMask = 2147483647;
			files = (
			);
			runOnlyForDeploymentPostprocessing = 0;
		};
/* End PBXFrameworksBuildPhase section */

/* Begin PBXGroup section */
		E2245EF42BEC0DA700BE2E59 /* Transformers */ = {
			isa = PBXGroup;
			children = (
				E2245EF22BEC0D4100BE2E59 /* ActionButtonTitleTransformer.swift */,
				E2E1474A2BEEB98B002BD807 /* DevicePickerMenuItemsTransformer.swift */,
			);
			path = Transformers;
			sourceTree = "<group>";
		};
		E234FBFC2BD5301F0074C781 = {
			isa = PBXGroup;
			children = (
				E234FC072BD5301F0074C781 /* WinDiskWriter */,
				E234FC062BD5301F0074C781 /* Products */,
			);
			sourceTree = "<group>";
		};
		E234FC062BD5301F0074C781 /* Products */ = {
			isa = PBXGroup;
			children = (
				E234FC052BD5301F0074C781 /* WinDiskWriter.app */,
			);
			name = Products;
			sourceTree = "<group>";
		};
		E234FC072BD5301F0074C781 /* WinDiskWriter */ = {
			isa = PBXGroup;
			children = (
				E25A2AF92BF15E0A00E515B7 /* Licenses */,
				E27FD4E22BDD1DA80096C605 /* Services */,
				E234FC2C2BD543860074C781 /* Extensions */,
				E234FC232BD53E2F0074C781 /* Screens */,
				E27FD4F22BDE25780096C605 /* Protocols */,
				E23E6E262BDB980800362574 /* Cells */,
				E2F37B642BD5852A003D27BD /* Views */,
				E234FC082BD5301F0074C781 /* AppDelegate.swift */,
				E234FC212BD53D780074C781 /* MainCoordinator.swift */,
				E27FD4E72BDD2B450096C605 /* GlobalConstants.swift */,
				E217A9592BFBB946003AEF03 /* StorageSize.swift */,
				E256A7E22BE77393003E24D3 /* AppMenu.swift */,
				E256A7D52BE6AB9A003E24D3 /* AppInfo.swift */,
				E234FC172BD531EE0074C781 /* main.swift */,
				E234FC0C2BD530200074C781 /* Assets.xcassets */,
				E234FC112BD530200074C781 /* WinDiskWriter.entitlements */,
				E27FD4F72BDE38CF0096C605 /* Objective-C-Bridging-Header.h */,
			);
			path = WinDiskWriter;
			sourceTree = "<group>";
		};
		E234FC1F2BD53CE70074C781 /* DiskWriterScreen */ = {
			isa = PBXGroup;
			children = (
				E256A7DA2BE6AFCB003E24D3 /* Errors */,
				E2F4FB1D2BF3776100BFC59A /* Enums */,
				E2245EF42BEC0DA700BE2E59 /* Transformers */,
				E234FC1D2BD53C800074C781 /* DiskWriterViewModel.swift */,
				E217A9512BFA6237003AEF03 /* DiskValidator.swift */,
				E234FC192BD53B640074C781 /* DiskWriterViewController.swift */,
				E234FC242BD53E540074C781 /* DiskWriterCoordinator.swift */,
			);
			path = DiskWriterScreen;
			sourceTree = "<group>";
		};
		E234FC232BD53E2F0074C781 /* Screens */ = {
			isa = PBXGroup;
			children = (
				E27C671E2BEF93CB00D7F692 /* AboutScreen */,
				E234FC1F2BD53CE70074C781 /* DiskWriterScreen */,
				E234FC0A2BD5301F0074C781 /* BaseViewController.swift */,
				E2F37B602BD5643D003D27BD /* BaseWindow.swift */,
			);
			path = Screens;
			sourceTree = "<group>";
		};
		E234FC2C2BD543860074C781 /* Extensions */ = {
			isa = PBXGroup;
			children = (
				E27FD50F2BDE5CC40096C605 /* String */,
				E2A443BA2BE5045100701D56 /* NSView */,
				E28BBEBB2BE68378008A7750 /* FileManager */,
				E27C673C2BEFD67800D7F692 /* URL */,
				E2F37B7B2BD6F0F6003D27BD /* Collection+Safe.swift */,
				E27FD4E52BDD1F800096C605 /* Date+AdjustedYear.swift */,
				E27FD5122BDE6E5F0096C605 /* UInt64+FormattedSize.swift */,
				E29C8AC82BEB6D15006A50D9 /* Notification+Names.swift */,
				E27C673A2BEFD67300D7F692 /* NSImage+ApplicationIcon.swift */,
				E25A2AFB2BF15FAE00E515B7 /* Bundle+ListFiles.swift */,
				E217A9532BFA7448003AEF03 /* Encodable+AsJSONString.swift */,
			);
			path = Extensions;
			sourceTree = "<group>";
		};
		E236E2452C0348D900E83056 /* DiskWriter */ = {
			isa = PBXGroup;
			children = (
				E236E24A2C03609300E83056 /* Errors */,
				E236E24D2C0360B700E83056 /* Enums */,
				E236E2432C0348D600E83056 /* DiskWriter.swift */,
			);
			path = DiskWriter;
			sourceTree = "<group>";
		};
		E236E24A2C03609300E83056 /* Errors */ = {
			isa = PBXGroup;
			children = (
			);
			path = Errors;
			sourceTree = "<group>";
		};
		E236E24D2C0360B700E83056 /* Enums */ = {
			isa = PBXGroup;
			children = (
				E269F7DF2C31B76F00F96444 /* DiskOperation.swift */,
			);
			path = Enums;
			sourceTree = "<group>";
		};
		E23E6E262BDB980800362574 /* Cells */ = {
			isa = PBXGroup;
			children = (
				E23E6E242BDB980400362574 /* VerticallyCenteredTextFieldCell.swift */,
			);
			path = Cells;
			sourceTree = "<group>";
		};
		E256A7DA2BE6AFCB003E24D3 /* Errors */ = {
			isa = PBXGroup;
			children = (
				E2A443B62BE4E28400701D56 /* ConfigurationValidationError.swift */,
			);
			path = Errors;
			sourceTree = "<group>";
		};
		E256A7E12BE7729D003E24D3 /* MenuBuilder */ = {
			isa = PBXGroup;
			children = (
				E256A7DF2BE77298003E24D3 /* MenuSection.swift */,
				E256A7DD2BE77286003E24D3 /* MenuBuilder.swift */,
			);
			path = MenuBuilder;
			sourceTree = "<group>";
		};
		E25A2AFD2BF1685900E515B7 /* Transformers */ = {
			isa = PBXGroup;
			children = (
				E25A2AFE2BF1687500E515B7 /* LicenseListTextFieldValueTransformer.swift */,
			);
			path = Transformers;
			sourceTree = "<group>";
		};
		E25A2B062BF2A02500E515B7 /* Errors */ = {
			isa = PBXGroup;
			children = (
				E25A2B042BF29FC200E515B7 /* AuthorizationError.swift */,
				E25A2B022BF29FB400E515B7 /* AppRelauncherError.swift */,
			);
			path = Errors;
			sourceTree = "<group>";
		};
		E25A2B072BF2A02B00E515B7 /* AppRelauncher */ = {
			isa = PBXGroup;
			children = (
				E25A2B062BF2A02500E515B7 /* Errors */,
				E2A08CD72BDEBF8600E354BB /* AppRelauncher.swift */,
			);
			path = AppRelauncher;
			sourceTree = "<group>";
		};
		E27C671E2BEF93CB00D7F692 /* AboutScreen */ = {
			isa = PBXGroup;
			children = (
				E25A2AFD2BF1685900E515B7 /* Transformers */,
				E27C671F2BEF940500D7F692 /* AboutViewModel.swift */,
				E27C67212BEF941100D7F692 /* AboutViewController.swift */,
				E27C67232BEF942900D7F692 /* AboutCoordinator.swift */,
			);
			path = AboutScreen;
			sourceTree = "<group>";
		};
		E27C673C2BEFD67800D7F692 /* URL */ = {
			isa = PBXGroup;
			children = (
				E27FD4E92BDD2C160096C605 /* URL+Open.swift */,
				E236E2482C03596A00E83056 /* URL+PathType.swift */,
				E28BBEBC2BE683C5008A7750 /* URL+MountPoint.swift */,
			);
			path = URL;
			sourceTree = "<group>";
		};
		E27FD4DF2BDD0B450096C605 /* Labels */ = {
			isa = PBXGroup;
			children = (
				E2F37B652BD58536003D27BD /* LabelView.swift */,
			);
			path = Labels;
			sourceTree = "<group>";
		};
		E27FD4E22BDD1DA80096C605 /* Services */ = {
			isa = PBXGroup;
			children = (
				E2F4FB082BF36DE400BFC59A /* DiskInspector */,
				E27FD4FE2BDE47490096C605 /* DiskEraser */,
				E256A7E12BE7729D003E24D3 /* MenuBuilder */,
				E2F37B5F2BD55DB4003D27BD /* ConstraintUtils */,
				E27FD4FB2BDE38D30096C605 /* LegacyExceptionHandler */,
				E27FD5062BDE4EEC0096C605 /* HDIUtil */,
				E25A2B072BF2A02B00E515B7 /* AppRelauncher */,
				E2A08CDE2BDED21A00E354BB /* ExecuteWithPrivileges */,
				E2F4FB122BF36E8B00BFC59A /* FileReader */,
				E2F4FB142BF36EAC00BFC59A /* CommandLine */,
				E236E2452C0348D900E83056 /* DiskWriter */,
				E27FD5142BDE7F580096C605 /* AttributedStringBuilder.swift */,
				E2CF8FDF2BDEDB7400F7394E /* AlertBuilder.swift */,
				E27FD4E02BDD1D3C0096C605 /* WeakProxy.swift */,
				E29C8ACA2BEB7100006A50D9 /* AppService.swift */,
			);
			path = Services;
			sourceTree = "<group>";
		};
		E27FD4F22BDE25780096C605 /* Protocols */ = {
			isa = PBXGroup;
			children = (
				E234FC2D2BD543A20074C781 /* Coordinator.swift */,
			);
			path = Protocols;
			sourceTree = "<group>";
		};
		E27FD4FB2BDE38D30096C605 /* LegacyExceptionHandler */ = {
			isa = PBXGroup;
			children = (
				E27FD4F82BDE38D00096C605 /* LegacyExceptionHandler.h */,
				E27FD4F92BDE38D00096C605 /* LegacyExceptionHandler.m */,
			);
			path = LegacyExceptionHandler;
			sourceTree = "<group>";
		};
		E27FD4FE2BDE47490096C605 /* DiskEraser */ = {
			isa = PBXGroup;
			children = (
				E2F4FB0C2BF36E4200BFC59A /* Errors */,
				E27FD5092BDE59440096C605 /* Enums */,
				E27FD50B2BDE5A480096C605 /* DiskEraser.swift */,
			);
			path = DiskEraser;
			sourceTree = "<group>";
		};
		E27FD5052BDE4EE60096C605 /* Models */ = {
			isa = PBXGroup;
			children = (
				E27FD5012BDE4E470096C605 /* ImageMountResult.swift */,
				E27FD5032BDE4EDB0096C605 /* HDIUtilSystemEntity.swift */,
			);
			path = Models;
			sourceTree = "<group>";
		};
		E27FD5062BDE4EEC0096C605 /* HDIUtil */ = {
			isa = PBXGroup;
			children = (
				E2F4FB0F2BF36E6A00BFC59A /* Errors */,
				E27FD5052BDE4EE60096C605 /* Models */,
				E27FD4FF2BDE47A20096C605 /* HDIUtil.swift */,
			);
			path = HDIUtil;
			sourceTree = "<group>";
		};
		E27FD5092BDE59440096C605 /* Enums */ = {
			isa = PBXGroup;
			children = (
				E27FD4EB2BDD63790096C605 /* Filesystem.swift */,
				E27FD5072BDE59250096C605 /* PartitionScheme.swift */,
			);
			path = Enums;
			sourceTree = "<group>";
		};
		E27FD50A2BDE594B0096C605 /* Models */ = {
			isa = PBXGroup;
			children = (
				E27FD4F02BDE256C0096C605 /* DiskInfo.swift */,
			);
			path = Models;
			sourceTree = "<group>";
		};
		E27FD50F2BDE5CC40096C605 /* String */ = {
			isa = PBXGroup;
			children = (
				E27FD4FC2BDE3B3C0096C605 /* String+Stripped.swift */,
				E27FD50D2BDE5CC00096C605 /* String+HasOneOfThePrefixes.swift */,
				E2A08CD92BDEC42500E354BB /* String+CChar.swift */,
			);
			path = String;
			sourceTree = "<group>";
		};
		E28BBEBB2BE68378008A7750 /* FileManager */ = {
			isa = PBXGroup;
			children = (
				E27FD4EE2BDE239D0096C605 /* FileManager+SetAllPermissions.swift */,
				E217A9552BFBB133003AEF03 /* FileManager+RequiredAdditionalSpace.swift */,
				E217A9572BFBB284003AEF03 /* FileManager+ApplicationStorage.swift */,
			);
			path = FileManager;
			sourceTree = "<group>";
		};
		E2A08CDE2BDED21A00E354BB /* ExecuteWithPrivileges */ = {
			isa = PBXGroup;
			children = (
				E2A08CDB2BDECFC100E354BB /* ExecuteWithPrivileges.h */,
				E2A08CDC2BDECFC100E354BB /* ExecuteWithPrivileges.c */,
			);
			path = ExecuteWithPrivileges;
			sourceTree = "<group>";
		};
		E2A443BA2BE5045100701D56 /* NSView */ = {
			isa = PBXGroup;
			children = (
				E234FC2F2BD543D90074C781 /* NSView+MakeCostraints.swift */,
				E2A443B82BE5044D00701D56 /* NSView+SetEnabledStateForAllControls.swift */,
			);
			path = NSView;
			sourceTree = "<group>";
		};
		E2F37B5F2BD55DB4003D27BD /* ConstraintUtils */ = {
			isa = PBXGroup;
			children = (
				E2F37B5B2BD55990003D27BD /* ConstraintMaker.swift */,
				E2F37B5D2BD55C1F003D27BD /* ConstraintHandler.swift */,
			);
			path = ConstraintUtils;
			sourceTree = "<group>";
		};
		E2F37B642BD5852A003D27BD /* Views */ = {
			isa = PBXGroup;
			children = (
				E2F37B762BD6DC13003D27BD /* Buttons */,
				E27FD4DF2BDD0B450096C605 /* Labels */,
				E2F37B692BD59E8B003D27BD /* StackView */,
				E2F37B722BD6B4BC003D27BD /* PickerView.swift */,
				E27FD5102BDE6AB50096C605 /* DiskMenuItem.swift */,
				E2F37B7D2BD6F1C2003D27BD /* SwitchPickerView.swift */,
				E2F37B6E2BD69C2D003D27BD /* TextInputView.swift */,
				E2F37B7F2BD78088003D27BD /* ScrollableLinesView.swift */,
				E27C67382BEFC34B00D7F692 /* DraggableImageView.swift */,
				E25A2AF02BF122EA00E515B7 /* ScrollableTextView.swift */,
			);
			path = Views;
			sourceTree = "<group>";
		};
		E2F37B692BD59E8B003D27BD /* StackView */ = {
			isa = PBXGroup;
			children = (
				E2F37B792BD6E650003D27BD /* BaseStackView.swift */,
				E2F37B6C2BD59F30003D27BD /* VerticalStackView.swift */,
				E2F37B672BD59DEE003D27BD /* HorizontalStackView.swift */,
			);
			path = StackView;
			sourceTree = "<group>";
		};
		E2F37B762BD6DC13003D27BD /* Buttons */ = {
			isa = PBXGroup;
			children = (
				E27FD4DD2BDD0B3C0096C605 /* SlideShowedButton.swift */,
				E2F37B702BD69D2A003D27BD /* BaseButtonView.swift */,
				E2F37B742BD6DBCE003D27BD /* RoundedButtonView.swift */,
				E2F37B772BD6DCFE003D27BD /* CheckboxView.swift */,
			);
			path = Buttons;
			sourceTree = "<group>";
		};
		E2F4FB082BF36DE400BFC59A /* DiskInspector */ = {
			isa = PBXGroup;
			children = (
				E27FD50A2BDE594B0096C605 /* Models */,
				E2F4FB0B2BF36E1C00BFC59A /* Errors */,
				E27FD4F32BDE264C0096C605 /* DiskInspector.swift */,
			);
			path = DiskInspector;
			sourceTree = "<group>";
		};
		E2F4FB0B2BF36E1C00BFC59A /* Errors */ = {
			isa = PBXGroup;
			children = (
				E2F4FB092BF36DF600BFC59A /* DiskInspectorError.swift */,
			);
			path = Errors;
			sourceTree = "<group>";
		};
		E2F4FB0C2BF36E4200BFC59A /* Errors */ = {
			isa = PBXGroup;
			children = (
				E2F4FB0D2BF36E4D00BFC59A /* DiskEraserError.swift */,
			);
			path = Errors;
			sourceTree = "<group>";
		};
		E2F4FB0F2BF36E6A00BFC59A /* Errors */ = {
			isa = PBXGroup;
			children = (
				E2F4FB102BF36E7500BFC59A /* HDIUtilError.swift */,
			);
			path = Errors;
			sourceTree = "<group>";
		};
		E2F4FB122BF36E8B00BFC59A /* FileReader */ = {
			isa = PBXGroup;
			children = (
				E2F4FB132BF36E9300BFC59A /* Errors */,
				E25A2AF22BF14B0500E515B7 /* FileReader.swift */,
			);
			path = FileReader;
			sourceTree = "<group>";
		};
		E2F4FB132BF36E9300BFC59A /* Errors */ = {
			isa = PBXGroup;
			children = (
				E25A2AF42BF14B9A00E515B7 /* FileReaderError.swift */,
			);
			path = Errors;
			sourceTree = "<group>";
		};
		E2F4FB142BF36EAC00BFC59A /* CommandLine */ = {
			isa = PBXGroup;
			children = (
				E2F4FB182BF36F0000BFC59A /* Models */,
				E2F4FB172BF36ECA00BFC59A /* Errors */,
				E27FD4F52BDE35910096C605 /* CommandLine.swift */,
			);
			path = CommandLine;
			sourceTree = "<group>";
		};
		E2F4FB172BF36ECA00BFC59A /* Errors */ = {
			isa = PBXGroup;
			children = (
				E2F4FB152BF36EB700BFC59A /* CommandLineError.swift */,
			);
			path = Errors;
			sourceTree = "<group>";
		};
		E2F4FB182BF36F0000BFC59A /* Models */ = {
			isa = PBXGroup;
			children = (
				E2F4FB192BF36F1400BFC59A /* CommandLineResult.swift */,
			);
			path = Models;
			sourceTree = "<group>";
		};
		E2F4FB1D2BF3776100BFC59A /* Enums */ = {
			isa = PBXGroup;
			children = (
				E2245EF52BEC18D200BE2E59 /* LogType.swift */,
			);
			path = Enums;
			sourceTree = "<group>";
		};
/* End PBXGroup section */

/* Begin PBXNativeTarget section */
		E234FC042BD5301F0074C781 /* WinDiskWriter */ = {
			isa = PBXNativeTarget;
			buildConfigurationList = E234FC142BD530200074C781 /* Build configuration list for PBXNativeTarget "WinDiskWriter" */;
			buildPhases = (
				E234FC012BD5301F0074C781 /* Sources */,
				E234FC022BD5301F0074C781 /* Frameworks */,
				E234FC032BD5301F0074C781 /* Resources */,
			);
			buildRules = (
			);
			dependencies = (
			);
			name = WinDiskWriter;
			packageProductDependencies = (
			);
			productName = WinDiskWriter;
			productReference = E234FC052BD5301F0074C781 /* WinDiskWriter.app */;
			productType = "com.apple.product-type.application";
		};
/* End PBXNativeTarget section */

/* Begin PBXProject section */
		E234FBFD2BD5301F0074C781 /* Project object */ = {
			isa = PBXProject;
			attributes = {
				BuildIndependentTargetsInParallel = 1;
				LastSwiftUpdateCheck = 1320;
				LastUpgradeCheck = 1320;
				TargetAttributes = {
					E234FC042BD5301F0074C781 = {
						CreatedOnToolsVersion = 13.2.1;
						LastSwiftMigration = 1320;
					};
				};
			};
			buildConfigurationList = E234FC002BD5301F0074C781 /* Build configuration list for PBXProject "WinDiskWriter" */;
			compatibilityVersion = "Xcode 13.0";
			developmentRegion = en;
			hasScannedForEncodings = 0;
			knownRegions = (
				en,
				Base,
			);
			mainGroup = E234FBFC2BD5301F0074C781;
			packageReferences = (
			);
			productRefGroup = E234FC062BD5301F0074C781 /* Products */;
			projectDirPath = "";
			projectRoot = "";
			targets = (
				E234FC042BD5301F0074C781 /* WinDiskWriter */,
			);
		};
/* End PBXProject section */

/* Begin PBXResourcesBuildPhase section */
		E234FC032BD5301F0074C781 /* Resources */ = {
			isa = PBXResourcesBuildPhase;
			buildActionMask = 2147483647;
			files = (
				E25A2AFA2BF15E0A00E515B7 /* Licenses in Resources */,
				E234FC0D2BD530200074C781 /* Assets.xcassets in Resources */,
			);
			runOnlyForDeploymentPostprocessing = 0;
		};
/* End PBXResourcesBuildPhase section */

/* Begin PBXSourcesBuildPhase section */
		E234FC012BD5301F0074C781 /* Sources */ = {
			isa = PBXSourcesBuildPhase;
			buildActionMask = 2147483647;
			files = (
				E234FC0B2BD5301F0074C781 /* BaseViewController.swift in Sources */,
				E27FD50C2BDE5A480096C605 /* DiskEraser.swift in Sources */,
				E27FD50E2BDE5CC00096C605 /* String+HasOneOfThePrefixes.swift in Sources */,
				E2F4FB112BF36E7500BFC59A /* HDIUtilError.swift in Sources */,
				E217A95A2BFBB946003AEF03 /* StorageSize.swift in Sources */,
				E2F37B5E2BD55C1F003D27BD /* ConstraintHandler.swift in Sources */,
				E25A2AFC2BF15FAE00E515B7 /* Bundle+ListFiles.swift in Sources */,
				E2F37B6F2BD69C2D003D27BD /* TextInputView.swift in Sources */,
				E28BBEBD2BE683C5008A7750 /* URL+MountPoint.swift in Sources */,
				E256A7E32BE77393003E24D3 /* AppMenu.swift in Sources */,
				E2F37B5C2BD55990003D27BD /* ConstraintMaker.swift in Sources */,
				E27C67202BEF940500D7F692 /* AboutViewModel.swift in Sources */,
				E25A2B052BF29FC200E515B7 /* AuthorizationError.swift in Sources */,
				E2A443B72BE4E28400701D56 /* ConfigurationValidationError.swift in Sources */,
				E234FC222BD53D780074C781 /* MainCoordinator.swift in Sources */,
				E2A08CDD2BDECFC100E354BB /* ExecuteWithPrivileges.c in Sources */,
				E217A9542BFA7448003AEF03 /* Encodable+AsJSONString.swift in Sources */,
				E217A9522BFA6237003AEF03 /* DiskValidator.swift in Sources */,
				E2F37B802BD78088003D27BD /* ScrollableLinesView.swift in Sources */,
				E2A08CD82BDEBF8600E354BB /* AppRelauncher.swift in Sources */,
				E27FD5022BDE4E470096C605 /* ImageMountResult.swift in Sources */,
				E269F7E02C31B76F00F96444 /* DiskOperation.swift in Sources */,
				E27FD5132BDE6E5F0096C605 /* UInt64+FormattedSize.swift in Sources */,
				E2CF8FE02BDEDB7400F7394E /* AlertBuilder.swift in Sources */,
				E2F4FB1A2BF36F1400BFC59A /* CommandLineResult.swift in Sources */,
				E234FC252BD53E540074C781 /* DiskWriterCoordinator.swift in Sources */,
				E256A7E02BE77298003E24D3 /* MenuSection.swift in Sources */,
				E234FC092BD5301F0074C781 /* AppDelegate.swift in Sources */,
				E234FC182BD531EE0074C781 /* main.swift in Sources */,
				E2F4FB0A2BF36DF600BFC59A /* DiskInspectorError.swift in Sources */,
				E27C67392BEFC34B00D7F692 /* DraggableImageView.swift in Sources */,
				E29C8AC92BEB6D15006A50D9 /* Notification+Names.swift in Sources */,
				E27FD5112BDE6AB50096C605 /* DiskMenuItem.swift in Sources */,
				E27FD4FA2BDE38D00096C605 /* LegacyExceptionHandler.m in Sources */,
				E236E2442C0348D600E83056 /* DiskWriter.swift in Sources */,
				E27FD4EA2BDD2C160096C605 /* URL+Open.swift in Sources */,
				E27FD4E12BDD1D3C0096C605 /* WeakProxy.swift in Sources */,
				E2F37B712BD69D2A003D27BD /* BaseButtonView.swift in Sources */,
				E25A2AFF2BF1687500E515B7 /* LicenseListTextFieldValueTransformer.swift in Sources */,
				E234FC2E2BD543A20074C781 /* Coordinator.swift in Sources */,
				E2F37B782BD6DCFE003D27BD /* CheckboxView.swift in Sources */,
				E27FD5042BDE4EDB0096C605 /* HDIUtilSystemEntity.swift in Sources */,
				E234FC1A2BD53B640074C781 /* DiskWriterViewController.swift in Sources */,
				E256A7DE2BE77286003E24D3 /* MenuBuilder.swift in Sources */,
				E236E2492C03596A00E83056 /* URL+PathType.swift in Sources */,
				E2A443B92BE5044D00701D56 /* NSView+SetEnabledStateForAllControls.swift in Sources */,
				E27C673B2BEFD67300D7F692 /* NSImage+ApplicationIcon.swift in Sources */,
				E2F4FB0E2BF36E4D00BFC59A /* DiskEraserError.swift in Sources */,
				E27FD4EC2BDD63790096C605 /* Filesystem.swift in Sources */,
				E27FD4F62BDE35910096C605 /* CommandLine.swift in Sources */,
				E23E6E252BDB980400362574 /* VerticallyCenteredTextFieldCell.swift in Sources */,
				E2F37B7E2BD6F1C2003D27BD /* SwitchPickerView.swift in Sources */,
				E25A2AF52BF14B9A00E515B7 /* FileReaderError.swift in Sources */,
				E27FD4DE2BDD0B3C0096C605 /* SlideShowedButton.swift in Sources */,
				E2F37B7C2BD6F0F6003D27BD /* Collection+Safe.swift in Sources */,
				E27FD4FD2BDE3B3C0096C605 /* String+Stripped.swift in Sources */,
				E217A9562BFBB133003AEF03 /* FileManager+RequiredAdditionalSpace.swift in Sources */,
				E256A7D62BE6AB9A003E24D3 /* AppInfo.swift in Sources */,
				E2F37B732BD6B4BC003D27BD /* PickerView.swift in Sources */,
				E2F37B662BD58536003D27BD /* LabelView.swift in Sources */,
				E25A2B032BF29FB400E515B7 /* AppRelauncherError.swift in Sources */,
				E27FD4EF2BDE239D0096C605 /* FileManager+SetAllPermissions.swift in Sources */,
				E2F37B7A2BD6E650003D27BD /* BaseStackView.swift in Sources */,
				E27FD4E82BDD2B450096C605 /* GlobalConstants.swift in Sources */,
				E217A9582BFBB284003AEF03 /* FileManager+ApplicationStorage.swift in Sources */,
				E25A2AF32BF14B0500E515B7 /* FileReader.swift in Sources */,
				E25A2AF12BF122EA00E515B7 /* ScrollableTextView.swift in Sources */,
				E2F4FB162BF36EB700BFC59A /* CommandLineError.swift in Sources */,
				E27C67222BEF941100D7F692 /* AboutViewController.swift in Sources */,
				E27C67242BEF942900D7F692 /* AboutCoordinator.swift in Sources */,
				E27FD5082BDE59250096C605 /* PartitionScheme.swift in Sources */,
				E27FD4F12BDE256C0096C605 /* DiskInfo.swift in Sources */,
				E2E1474B2BEEB98B002BD807 /* DevicePickerMenuItemsTransformer.swift in Sources */,
				E27FD4F42BDE264C0096C605 /* DiskInspector.swift in Sources */,
				E234FC302BD543D90074C781 /* NSView+MakeCostraints.swift in Sources */,
				E2245EF62BEC18D200BE2E59 /* LogType.swift in Sources */,
				E2F37B682BD59DEE003D27BD /* HorizontalStackView.swift in Sources */,
				E29C8ACB2BEB7100006A50D9 /* AppService.swift in Sources */,
				E2245EF32BEC0D4100BE2E59 /* ActionButtonTitleTransformer.swift in Sources */,
				E27FD4E62BDD1F800096C605 /* Date+AdjustedYear.swift in Sources */,
				E27FD5002BDE47A20096C605 /* HDIUtil.swift in Sources */,
				E2F37B6D2BD59F30003D27BD /* VerticalStackView.swift in Sources */,
				E27FD5152BDE7F580096C605 /* AttributedStringBuilder.swift in Sources */,
				E2F37B612BD5643D003D27BD /* BaseWindow.swift in Sources */,
				E2F37B752BD6DBCE003D27BD /* RoundedButtonView.swift in Sources */,
				E234FC1E2BD53C800074C781 /* DiskWriterViewModel.swift in Sources */,
				E2A08CDA2BDEC42500E354BB /* String+CChar.swift in Sources */,
			);
			runOnlyForDeploymentPostprocessing = 0;
		};
/* End PBXSourcesBuildPhase section */

/* Begin XCBuildConfiguration section */
		E234FC122BD530200074C781 /* Debug */ = {
			isa = XCBuildConfiguration;
			buildSettings = {
				ALWAYS_SEARCH_USER_PATHS = NO;
				CLANG_ANALYZER_NONNULL = YES;
				CLANG_ANALYZER_NUMBER_OBJECT_CONVERSION = YES_AGGRESSIVE;
				CLANG_CXX_LANGUAGE_STANDARD = "gnu++17";
				CLANG_CXX_LIBRARY = "libc++";
				CLANG_ENABLE_MODULES = YES;
				CLANG_ENABLE_OBJC_ARC = YES;
				CLANG_ENABLE_OBJC_WEAK = YES;
				CLANG_WARN_BLOCK_CAPTURE_AUTORELEASING = YES;
				CLANG_WARN_BOOL_CONVERSION = YES;
				CLANG_WARN_COMMA = YES;
				CLANG_WARN_CONSTANT_CONVERSION = YES;
				CLANG_WARN_DEPRECATED_OBJC_IMPLEMENTATIONS = YES;
				CLANG_WARN_DIRECT_OBJC_ISA_USAGE = YES_ERROR;
				CLANG_WARN_DOCUMENTATION_COMMENTS = YES;
				CLANG_WARN_EMPTY_BODY = YES;
				CLANG_WARN_ENUM_CONVERSION = YES;
				CLANG_WARN_INFINITE_RECURSION = YES;
				CLANG_WARN_INT_CONVERSION = YES;
				CLANG_WARN_NON_LITERAL_NULL_CONVERSION = YES;
				CLANG_WARN_OBJC_IMPLICIT_RETAIN_SELF = YES;
				CLANG_WARN_OBJC_LITERAL_CONVERSION = YES;
				CLANG_WARN_OBJC_ROOT_CLASS = YES_ERROR;
				CLANG_WARN_QUOTED_INCLUDE_IN_FRAMEWORK_HEADER = YES;
				CLANG_WARN_RANGE_LOOP_ANALYSIS = YES;
				CLANG_WARN_STRICT_PROTOTYPES = YES;
				CLANG_WARN_SUSPICIOUS_MOVE = YES;
				CLANG_WARN_UNGUARDED_AVAILABILITY = YES_AGGRESSIVE;
				CLANG_WARN_UNREACHABLE_CODE = YES;
				CLANG_WARN__DUPLICATE_METHOD_MATCH = YES;
				COPY_PHASE_STRIP = NO;
				DEBUG_INFORMATION_FORMAT = dwarf;
				ENABLE_STRICT_OBJC_MSGSEND = YES;
				ENABLE_TESTABILITY = YES;
				GCC_C_LANGUAGE_STANDARD = gnu11;
				GCC_DYNAMIC_NO_PIC = NO;
				GCC_NO_COMMON_BLOCKS = YES;
				GCC_OPTIMIZATION_LEVEL = 0;
				GCC_PREPROCESSOR_DEFINITIONS = (
					"DEBUG=1",
					"$(inherited)",
				);
				GCC_WARN_64_TO_32_BIT_CONVERSION = YES;
				GCC_WARN_ABOUT_RETURN_TYPE = YES_ERROR;
				GCC_WARN_UNDECLARED_SELECTOR = YES;
				GCC_WARN_UNINITIALIZED_AUTOS = YES_AGGRESSIVE;
				GCC_WARN_UNUSED_FUNCTION = YES;
				GCC_WARN_UNUSED_VARIABLE = YES;
				MACOSX_DEPLOYMENT_TARGET = 10.10;
				MTL_ENABLE_DEBUG_INFO = INCLUDE_SOURCE;
				MTL_FAST_MATH = YES;
				ONLY_ACTIVE_ARCH = YES;
				SDKROOT = macosx;
				SWIFT_ACTIVE_COMPILATION_CONDITIONS = DEBUG;
				SWIFT_OPTIMIZATION_LEVEL = "-Onone";
			};
			name = Debug;
		};
		E234FC132BD530200074C781 /* Release */ = {
			isa = XCBuildConfiguration;
			buildSettings = {
				ALWAYS_SEARCH_USER_PATHS = NO;
				CLANG_ANALYZER_NONNULL = YES;
				CLANG_ANALYZER_NUMBER_OBJECT_CONVERSION = YES_AGGRESSIVE;
				CLANG_CXX_LANGUAGE_STANDARD = "gnu++17";
				CLANG_CXX_LIBRARY = "libc++";
				CLANG_ENABLE_MODULES = YES;
				CLANG_ENABLE_OBJC_ARC = YES;
				CLANG_ENABLE_OBJC_WEAK = YES;
				CLANG_WARN_BLOCK_CAPTURE_AUTORELEASING = YES;
				CLANG_WARN_BOOL_CONVERSION = YES;
				CLANG_WARN_COMMA = YES;
				CLANG_WARN_CONSTANT_CONVERSION = YES;
				CLANG_WARN_DEPRECATED_OBJC_IMPLEMENTATIONS = YES;
				CLANG_WARN_DIRECT_OBJC_ISA_USAGE = YES_ERROR;
				CLANG_WARN_DOCUMENTATION_COMMENTS = YES;
				CLANG_WARN_EMPTY_BODY = YES;
				CLANG_WARN_ENUM_CONVERSION = YES;
				CLANG_WARN_INFINITE_RECURSION = YES;
				CLANG_WARN_INT_CONVERSION = YES;
				CLANG_WARN_NON_LITERAL_NULL_CONVERSION = YES;
				CLANG_WARN_OBJC_IMPLICIT_RETAIN_SELF = YES;
				CLANG_WARN_OBJC_LITERAL_CONVERSION = YES;
				CLANG_WARN_OBJC_ROOT_CLASS = YES_ERROR;
				CLANG_WARN_QUOTED_INCLUDE_IN_FRAMEWORK_HEADER = YES;
				CLANG_WARN_RANGE_LOOP_ANALYSIS = YES;
				CLANG_WARN_STRICT_PROTOTYPES = YES;
				CLANG_WARN_SUSPICIOUS_MOVE = YES;
				CLANG_WARN_UNGUARDED_AVAILABILITY = YES_AGGRESSIVE;
				CLANG_WARN_UNREACHABLE_CODE = YES;
				CLANG_WARN__DUPLICATE_METHOD_MATCH = YES;
				COPY_PHASE_STRIP = NO;
				DEBUG_INFORMATION_FORMAT = "dwarf-with-dsym";
				ENABLE_NS_ASSERTIONS = NO;
				ENABLE_STRICT_OBJC_MSGSEND = YES;
				GCC_C_LANGUAGE_STANDARD = gnu11;
				GCC_NO_COMMON_BLOCKS = YES;
				GCC_WARN_64_TO_32_BIT_CONVERSION = YES;
				GCC_WARN_ABOUT_RETURN_TYPE = YES_ERROR;
				GCC_WARN_UNDECLARED_SELECTOR = YES;
				GCC_WARN_UNINITIALIZED_AUTOS = YES_AGGRESSIVE;
				GCC_WARN_UNUSED_FUNCTION = YES;
				GCC_WARN_UNUSED_VARIABLE = YES;
				MACOSX_DEPLOYMENT_TARGET = 10.10;
				MTL_ENABLE_DEBUG_INFO = NO;
				MTL_FAST_MATH = YES;
				SDKROOT = macosx;
				SWIFT_COMPILATION_MODE = wholemodule;
				SWIFT_OPTIMIZATION_LEVEL = "-O";
			};
			name = Release;
		};
		E234FC152BD530200074C781 /* Debug */ = {
			isa = XCBuildConfiguration;
			buildSettings = {
				ASSETCATALOG_COMPILER_APPICON_NAME = AppIcon;
				ASSETCATALOG_COMPILER_GLOBAL_ACCENT_COLOR_NAME = AccentColor;
				CLANG_ENABLE_MODULES = YES;
				CODE_SIGN_ENTITLEMENTS = WinDiskWriter/WinDiskWriter.entitlements;
				CODE_SIGN_STYLE = Automatic;
				COMBINE_HIDPI_IMAGES = YES;
				CURRENT_PROJECT_VERSION = 1;
				DEVELOPMENT_TEAM = 3T4SUAKT3L;
				ENABLE_HARDENED_RUNTIME = NO;
				GENERATE_INFOPLIST_FILE = YES;
				INFOPLIST_KEY_LSApplicationCategoryType = "public.app-category.utilities";
				INFOPLIST_KEY_NSHumanReadableCopyright = "";
				INFOPLIST_KEY_NSPrincipalClass = NSApplication;
				LD_RUNPATH_SEARCH_PATHS = (
					"$(inherited)",
					"@executable_path/../Frameworks",
				);
				MACOSX_DEPLOYMENT_TARGET = 10.10;
				MARKETING_VERSION = 2.0;
				PRODUCT_BUNDLE_IDENTIFIER = com.techunrestricted.WinDiskWriter;
				PRODUCT_NAME = "$(TARGET_NAME)";
				SWIFT_EMIT_LOC_STRINGS = YES;
				SWIFT_OBJC_BRIDGING_HEADER = "WinDiskWriter/Objective-C-Bridging-Header.h";
				SWIFT_OPTIMIZATION_LEVEL = "-Onone";
				SWIFT_VERSION = 5.0;
			};
			name = Debug;
		};
		E234FC162BD530200074C781 /* Release */ = {
			isa = XCBuildConfiguration;
			buildSettings = {
				ASSETCATALOG_COMPILER_APPICON_NAME = AppIcon;
				ASSETCATALOG_COMPILER_GLOBAL_ACCENT_COLOR_NAME = AccentColor;
				CLANG_ENABLE_MODULES = YES;
				CODE_SIGN_ENTITLEMENTS = WinDiskWriter/WinDiskWriter.entitlements;
				CODE_SIGN_STYLE = Automatic;
				COMBINE_HIDPI_IMAGES = YES;
				CURRENT_PROJECT_VERSION = 1;
				DEVELOPMENT_TEAM = 3T4SUAKT3L;
				ENABLE_HARDENED_RUNTIME = NO;
				GENERATE_INFOPLIST_FILE = YES;
				INFOPLIST_KEY_LSApplicationCategoryType = "public.app-category.utilities";
				INFOPLIST_KEY_NSHumanReadableCopyright = "";
				INFOPLIST_KEY_NSPrincipalClass = NSApplication;
				LD_RUNPATH_SEARCH_PATHS = (
					"$(inherited)",
					"@executable_path/../Frameworks",
				);
				MACOSX_DEPLOYMENT_TARGET = 10.10;
				MARKETING_VERSION = 2.0;
				PRODUCT_BUNDLE_IDENTIFIER = com.techunrestricted.WinDiskWriter;
				PRODUCT_NAME = "$(TARGET_NAME)";
				SWIFT_EMIT_LOC_STRINGS = YES;
				SWIFT_OBJC_BRIDGING_HEADER = "WinDiskWriter/Objective-C-Bridging-Header.h";
				SWIFT_VERSION = 5.0;
			};
			name = Release;
		};
/* End XCBuildConfiguration section */

/* Begin XCConfigurationList section */
		E234FC002BD5301F0074C781 /* Build configuration list for PBXProject "WinDiskWriter" */ = {
			isa = XCConfigurationList;
			buildConfigurations = (
				E234FC122BD530200074C781 /* Debug */,
				E234FC132BD530200074C781 /* Release */,
			);
			defaultConfigurationIsVisible = 0;
			defaultConfigurationName = Release;
		};
		E234FC142BD530200074C781 /* Build configuration list for PBXNativeTarget "WinDiskWriter" */ = {
			isa = XCConfigurationList;
			buildConfigurations = (
				E234FC152BD530200074C781 /* Debug */,
				E234FC162BD530200074C781 /* Release */,
			);
			defaultConfigurationIsVisible = 0;
			defaultConfigurationName = Release;
		};
/* End XCConfigurationList section */
	};
	rootObject = E234FBFD2BD5301F0074C781 /* Project object */;
}
